<?xml version="1.0" encoding="utf-8"?>
<Project ToolsVersion="4.0" xmlns="http://schemas.microsoft.com/developer/msbuild/2003">
  <ItemGroup>
    <ClCompile Include="main.cpp">
      <Filter>Source Files</Filter>
    </ClCompile>
    <ClCompile Include="CurrentTasks.cpp">
      <Filter>Repository</Filter>
    </ClCompile>
    <ClCompile Include="Repository.cpp">
      <Filter>Repository</Filter>
    </ClCompile>
    <ClCompile Include="Service.cpp">
      <Filter>Service</Filter>
    </ClCompile>
    <ClCompile Include="TEST my_vector.cpp">
      <Filter>Domain</Filter>
    </ClCompile>
    <ClCompile Include="TEST repo_map.cpp">
      <Filter>Domain</Filter>
    </ClCompile>
    <ClCompile Include="Validator.cpp">
      <Filter>Domain</Filter>
    </ClCompile>
    <ClCompile Include="Task.cpp">
      <Filter>Domain</Filter>
    </ClCompile>
    <ClCompile Include="ProiectPlanificareaActivitatilorGUI.cpp">
      <Filter>GUI</Filter>
    </ClCompile>
    <ClCompile Include="AppGUI.cpp">
      <Filter>GUI</Filter>
    </ClCompile>
  </ItemGroup>
  <ItemGroup>
    <Filter Include="Form Files">
      <UniqueIdentifier>{05ec76d2-9904-4515-b215-8b2bee320534}</UniqueIdentifier>
    </Filter>
    <Filter Include="Header Files">
      <UniqueIdentifier>{6ab3f735-1e1a-44d8-b939-ede84d95be67}</UniqueIdentifier>
    </Filter>
    <Filter Include="Source Files">
      <UniqueIdentifier>{a096f801-c359-4e1b-9c5a-a9861242e7ec}</UniqueIdentifier>
    </Filter>
    <Filter Include="Resource Files">
      <UniqueIdentifier>{3ee477cc-14a9-412d-bf1a-47ca9803b306}</UniqueIdentifier>
    </Filter>
    <Filter Include="Service">
      <UniqueIdentifier>{b620fe69-58ae-430c-bef9-4fc8a1b002e6}</UniqueIdentifier>
    </Filter>
    <Filter Include="Repository">
      <UniqueIdentifier>{99a76114-9fb0-420a-a27a-acf6ce8e8807}</UniqueIdentifier>
    </Filter>
    <Filter Include="Domain">
      <UniqueIdentifier>{66d1ae30-f941-4c5d-ad41-9838d2ad28ca}</UniqueIdentifier>
    </Filter>
    <Filter Include="GUI">
      <UniqueIdentifier>{54d2ecb3-cb4d-43f0-9f3a-738f1f488e85}</UniqueIdentifier>
    </Filter>
  </ItemGroup>
  <ItemGroup>
    <QtUic Include="ProiectPlanificareaActivitatilorGUI.ui">
      <Filter>Form Files</Filter>
    </QtUic>
  </ItemGroup>
  <ItemGroup>
    <QtMoc Include="ProiectPlanificareaActivitatilorGUI.h">
      <Filter>Header Files</Filter>
    </QtMoc>
  </ItemGroup>
  <ItemGroup>
    <QtRcc Include="ProiectPlanificareaActivitatilorGUI.qrc">
      <Filter>Resource Files</Filter>
    </QtRcc>
  </ItemGroup>
  <ItemGroup>
    <ClInclude Include="AppGUI.h">
      <Filter>Header Files</Filter>
    </ClInclude>
    <ClInclude Include="CurrentTasks.h">
      <Filter>Header Files</Filter>
    </ClInclude>
    <ClInclude Include="My_vector.h">
      <Filter>Header Files</Filter>
    </ClInclude>
    <ClInclude Include="Exceptions.h">
      <Filter>Header Files</Filter>
    </ClInclude>
    <ClInclude Include="Service.h">
      <Filter>Header Files</Filter>
    </ClInclude>
    <ClInclude Include="Task.h">
      <Filter>Header Files</Filter>
    </ClInclude>
    <ClInclude Include="Repository.h">
      <Filter>Header Files</Filter>
    </ClInclude>
    <ClInclude Include="TEST my_vector.h">
      <Filter>Header Files</Filter>
    </ClInclude>
    <ClInclude Include="Undo.h">
      <Filter>Header Files</Filter>
    </ClInclude>
    <ClInclude Include="TEST repo_map.h">
      <Filter>Header Files</Filter>
    </ClInclude>
    <ClInclude Include="Validator.h">
      <Filter>Header Files</Filter>
    </ClInclude>
    <ClInclude Include="Observer.h">
      <Filter>Header Files</Filter>
    </ClInclude>
    <ClInclude Include="MyQModels.h">
      <Filter>Header Files</Filter>
    </ClInclude>
  </ItemGroup>
</Project>